
Microsoft Visual Studio Solution File, Format Version 12.00
Project("{FAE04EC0-301F-11D3-BF4B-00C04F79EFBC}") = "BookingService", "BookingService\BookingService.csproj", "{2D0D110A-6C6C-4015-A1AE-290C35E01280}"
EndProject
Project("{2150E333-8FDC-42A3-9474-1A3956D46DE8}") = "Solution Items", "Solution Items", "{4135BE57-E172-43B8-91AB-06C5A987DB55}"
	ProjectSection(SolutionItems) = preProject
		compose.yaml = compose.yaml
	EndProjectSection
EndProject
Project("{2150E333-8FDC-42A3-9474-1A3956D46DE8}") = "Modules", "Modules", "{533F245A-5931-48EB-B860-EA0780FE70D6}"
EndProject
Project("{FAE04EC0-301F-11D3-BF4B-00C04F79EFBC}") = "BookingService.Shared", "BookingService.Shared\BookingService.Shared.csproj", "{CFADA386-F9A9-47CF-864E-EAE03AB95975}"
EndProject
Project("{2150E333-8FDC-42A3-9474-1A3956D46DE8}") = "Housing", "Housing", "{5B921BF1-5087-476E-B7B5-0DA6F056DB8C}"
EndProject
Project("{FAE04EC0-301F-11D3-BF4B-00C04F79EFBC}") = "BookingService.Housing.Controllers", "BookingService.Housing.Controllers\BookingService.Housing.Controllers.csproj", "{0072D687-0A50-4942-9B6F-B1294DE32FED}"
EndProject
Project("{FAE04EC0-301F-11D3-BF4B-00C04F79EFBC}") = "BookingService.Housing.Services", "BookingService.Housing.Services\BookingService.Housing.Services.csproj", "{A92E9549-AB21-461A-9C04-577967C5C23C}"
EndProject
Project("{FAE04EC0-301F-11D3-BF4B-00C04F79EFBC}") = "BookingService.Housing.Models", "BookingService.Housing.Models\BookingService.Housing.Models.csproj", "{59582792-AAA3-47FB-A1F3-95FE8F11A11D}"
EndProject
Project("{FAE04EC0-301F-11D3-BF4B-00C04F79EFBC}") = "BookingService.Housing.DTOs", "BookingService.Housing.DTOs\BookingService.Housing.DTOs.csproj", "{84F500E1-6848-46A9-B057-3CA38AC740D3}"
EndProject
Project("{FAE04EC0-301F-11D3-BF4B-00C04F79EFBC}") = "BookingService.Housing.Data", "BookingService.Housing.Data\BookingService.Housing.Data.csproj", "{9915B1AE-97DC-4292-AD32-B2DD85BC7BA0}"
EndProject
Project("{2150E333-8FDC-42A3-9474-1A3956D46DE8}") = "Profile", "Profile", "{0D4891F1-B70B-4039-9643-88257A1BE922}"
EndProject
Project("{FAE04EC0-301F-11D3-BF4B-00C04F79EFBC}") = "BookingService.Profile.Model", "BookingService.Profile.Model\BookingService.Profile.Model.csproj", "{1BB6BA07-2CEB-49E2-809E-576DA0A134DB}"
EndProject
Project("{2150E333-8FDC-42A3-9474-1A3956D46DE8}") = "Database", "Database", "{DDE58B37-F9C6-4190-9325-817E91372190}"
EndProject
Project("{FAE04EC0-301F-11D3-BF4B-00C04F79EFBC}") = "BookingService.Database", "BookingService.Database\BookingService.Database.csproj", "{64FB4D2F-D290-4E5B-9168-9DCC87E83101}"
EndProject
Project("{FAE04EC0-301F-11D3-BF4B-00C04F79EFBC}") = "BookingService.Profile.Dtos", "BookingService.Profile.Dtos\BookingService.Profile.Dtos.csproj", "{A231EEA7-B2B6-44D2-A53B-6B6A14A33E32}"
EndProject
Project("{2150E333-8FDC-42A3-9474-1A3956D46DE8}") = "Shared", "Shared", "{BA86CB22-AEA3-454E-8CD8-E6EE67854608}"
EndProject
Project("{FAE04EC0-301F-11D3-BF4B-00C04F79EFBC}") = "BookingService.Housing", "BookingService.Housing\BookingService.Housing.csproj", "{D57438F2-1B22-48DD-89FA-F8637995DC77}"
EndProject
Project("{2150E333-8FDC-42A3-9474-1A3956D46DE8}") = "Auth", "Auth", "{298ED2C6-860C-427C-9734-98C37FDDE5C7}"
EndProject
Project("{FAE04EC0-301F-11D3-BF4B-00C04F79EFBC}") = "BookingService.Auth.Controllers", "BookingService.Auth.Controllers\BookingService.Auth.Controllers.csproj", "{0A37666F-3BDF-4B38-BF76-CB8868E5D5EE}"
EndProject
Project("{FAE04EC0-301F-11D3-BF4B-00C04F79EFBC}") = "BookingService.Auth.Services", "BookingService.Auth.Services\BookingService.Auth.Services.csproj", "{CA9A588C-EC9B-430C-BAD6-AB8E8514CB44}"
EndProject
Project("{FAE04EC0-301F-11D3-BF4B-00C04F79EFBC}") = "BookingService.Auth", "BookingService.Auth\BookingService.Auth.csproj", "{0B2E2062-20A5-43E8-A664-8D0E35756FA4}"
EndProject
Project("{FAE04EC0-301F-11D3-BF4B-00C04F79EFBC}") = "BookingService.Auth.Data", "BookingService.Auth.Data\BookingService.Auth.Data.csproj", "{4AD15DA4-73BE-458D-B68D-37E9DF1D10C2}"
EndProject
Global
	GlobalSection(SolutionConfigurationPlatforms) = preSolution
		Debug|Any CPU = Debug|Any CPU
		Release|Any CPU = Release|Any CPU
	EndGlobalSection
	GlobalSection(ProjectConfigurationPlatforms) = postSolution
		{2D0D110A-6C6C-4015-A1AE-290C35E01280}.Debug|Any CPU.ActiveCfg = Debug|Any CPU
		{2D0D110A-6C6C-4015-A1AE-290C35E01280}.Debug|Any CPU.Build.0 = Debug|Any CPU
		{2D0D110A-6C6C-4015-A1AE-290C35E01280}.Release|Any CPU.ActiveCfg = Release|Any CPU
		{2D0D110A-6C6C-4015-A1AE-290C35E01280}.Release|Any CPU.Build.0 = Release|Any CPU
		{CFADA386-F9A9-47CF-864E-EAE03AB95975}.Debug|Any CPU.ActiveCfg = Debug|Any CPU
		{CFADA386-F9A9-47CF-864E-EAE03AB95975}.Debug|Any CPU.Build.0 = Debug|Any CPU
		{CFADA386-F9A9-47CF-864E-EAE03AB95975}.Release|Any CPU.ActiveCfg = Release|Any CPU
		{CFADA386-F9A9-47CF-864E-EAE03AB95975}.Release|Any CPU.Build.0 = Release|Any CPU
		{0072D687-0A50-4942-9B6F-B1294DE32FED}.Debug|Any CPU.ActiveCfg = Debug|Any CPU
		{0072D687-0A50-4942-9B6F-B1294DE32FED}.Debug|Any CPU.Build.0 = Debug|Any CPU
		{0072D687-0A50-4942-9B6F-B1294DE32FED}.Release|Any CPU.ActiveCfg = Release|Any CPU
		{0072D687-0A50-4942-9B6F-B1294DE32FED}.Release|Any CPU.Build.0 = Release|Any CPU
		{A92E9549-AB21-461A-9C04-577967C5C23C}.Debug|Any CPU.ActiveCfg = Debug|Any CPU
		{A92E9549-AB21-461A-9C04-577967C5C23C}.Debug|Any CPU.Build.0 = Debug|Any CPU
		{A92E9549-AB21-461A-9C04-577967C5C23C}.Release|Any CPU.ActiveCfg = Release|Any CPU
		{A92E9549-AB21-461A-9C04-577967C5C23C}.Release|Any CPU.Build.0 = Release|Any CPU
		{59582792-AAA3-47FB-A1F3-95FE8F11A11D}.Debug|Any CPU.ActiveCfg = Debug|Any CPU
		{59582792-AAA3-47FB-A1F3-95FE8F11A11D}.Debug|Any CPU.Build.0 = Debug|Any CPU
		{59582792-AAA3-47FB-A1F3-95FE8F11A11D}.Release|Any CPU.ActiveCfg = Release|Any CPU
		{59582792-AAA3-47FB-A1F3-95FE8F11A11D}.Release|Any CPU.Build.0 = Release|Any CPU
		{84F500E1-6848-46A9-B057-3CA38AC740D3}.Debug|Any CPU.ActiveCfg = Debug|Any CPU
		{84F500E1-6848-46A9-B057-3CA38AC740D3}.Debug|Any CPU.Build.0 = Debug|Any CPU
		{84F500E1-6848-46A9-B057-3CA38AC740D3}.Release|Any CPU.ActiveCfg = Release|Any CPU
		{84F500E1-6848-46A9-B057-3CA38AC740D3}.Release|Any CPU.Build.0 = Release|Any CPU
		{9915B1AE-97DC-4292-AD32-B2DD85BC7BA0}.Debug|Any CPU.ActiveCfg = Debug|Any CPU
		{9915B1AE-97DC-4292-AD32-B2DD85BC7BA0}.Debug|Any CPU.Build.0 = Debug|Any CPU
		{9915B1AE-97DC-4292-AD32-B2DD85BC7BA0}.Release|Any CPU.ActiveCfg = Release|Any CPU
		{9915B1AE-97DC-4292-AD32-B2DD85BC7BA0}.Release|Any CPU.Build.0 = Release|Any CPU
		{1BB6BA07-2CEB-49E2-809E-576DA0A134DB}.Debug|Any CPU.ActiveCfg = Debug|Any CPU
		{1BB6BA07-2CEB-49E2-809E-576DA0A134DB}.Debug|Any CPU.Build.0 = Debug|Any CPU
		{1BB6BA07-2CEB-49E2-809E-576DA0A134DB}.Release|Any CPU.ActiveCfg = Release|Any CPU
		{1BB6BA07-2CEB-49E2-809E-576DA0A134DB}.Release|Any CPU.Build.0 = Release|Any CPU
		{64FB4D2F-D290-4E5B-9168-9DCC87E83101}.Debug|Any CPU.ActiveCfg = Debug|Any CPU
		{64FB4D2F-D290-4E5B-9168-9DCC87E83101}.Debug|Any CPU.Build.0 = Debug|Any CPU
		{64FB4D2F-D290-4E5B-9168-9DCC87E83101}.Release|Any CPU.ActiveCfg = Release|Any CPU
		{64FB4D2F-D290-4E5B-9168-9DCC87E83101}.Release|Any CPU.Build.0 = Release|Any CPU
		{A231EEA7-B2B6-44D2-A53B-6B6A14A33E32}.Debug|Any CPU.ActiveCfg = Debug|Any CPU
		{A231EEA7-B2B6-44D2-A53B-6B6A14A33E32}.Debug|Any CPU.Build.0 = Debug|Any CPU
		{A231EEA7-B2B6-44D2-A53B-6B6A14A33E32}.Release|Any CPU.ActiveCfg = Release|Any CPU
		{A231EEA7-B2B6-44D2-A53B-6B6A14A33E32}.Release|Any CPU.Build.0 = Release|Any CPU
		{D57438F2-1B22-48DD-89FA-F8637995DC77}.Debug|Any CPU.ActiveCfg = Debug|Any CPU
		{D57438F2-1B22-48DD-89FA-F8637995DC77}.Debug|Any CPU.Build.0 = Debug|Any CPU
		{D57438F2-1B22-48DD-89FA-F8637995DC77}.Release|Any CPU.ActiveCfg = Release|Any CPU
		{D57438F2-1B22-48DD-89FA-F8637995DC77}.Release|Any CPU.Build.0 = Release|Any CPU
		{0A37666F-3BDF-4B38-BF76-CB8868E5D5EE}.Debug|Any CPU.ActiveCfg = Debug|Any CPU
		{0A37666F-3BDF-4B38-BF76-CB8868E5D5EE}.Debug|Any CPU.Build.0 = Debug|Any CPU
		{0A37666F-3BDF-4B38-BF76-CB8868E5D5EE}.Release|Any CPU.ActiveCfg = Release|Any CPU
		{0A37666F-3BDF-4B38-BF76-CB8868E5D5EE}.Release|Any CPU.Build.0 = Release|Any CPU
		{CA9A588C-EC9B-430C-BAD6-AB8E8514CB44}.Debug|Any CPU.ActiveCfg = Debug|Any CPU
		{CA9A588C-EC9B-430C-BAD6-AB8E8514CB44}.Debug|Any CPU.Build.0 = Debug|Any CPU
		{CA9A588C-EC9B-430C-BAD6-AB8E8514CB44}.Release|Any CPU.ActiveCfg = Release|Any CPU
		{CA9A588C-EC9B-430C-BAD6-AB8E8514CB44}.Release|Any CPU.Build.0 = Release|Any CPU
		{0B2E2062-20A5-43E8-A664-8D0E35756FA4}.Debug|Any CPU.ActiveCfg = Debug|Any CPU
		{0B2E2062-20A5-43E8-A664-8D0E35756FA4}.Debug|Any CPU.Build.0 = Debug|Any CPU
		{0B2E2062-20A5-43E8-A664-8D0E35756FA4}.Release|Any CPU.ActiveCfg = Release|Any CPU
		{0B2E2062-20A5-43E8-A664-8D0E35756FA4}.Release|Any CPU.Build.0 = Release|Any CPU
		{4AD15DA4-73BE-458D-B68D-37E9DF1D10C2}.Debug|Any CPU.ActiveCfg = Debug|Any CPU
		{4AD15DA4-73BE-458D-B68D-37E9DF1D10C2}.Debug|Any CPU.Build.0 = Debug|Any CPU
		{4AD15DA4-73BE-458D-B68D-37E9DF1D10C2}.Release|Any CPU.ActiveCfg = Release|Any CPU
		{4AD15DA4-73BE-458D-B68D-37E9DF1D10C2}.Release|Any CPU.Build.0 = Release|Any CPU
	EndGlobalSection
	GlobalSection(NestedProjects) = preSolution
		{5B921BF1-5087-476E-B7B5-0DA6F056DB8C} = {533F245A-5931-48EB-B860-EA0780FE70D6}
		{0072D687-0A50-4942-9B6F-B1294DE32FED} = {5B921BF1-5087-476E-B7B5-0DA6F056DB8C}
		{A92E9549-AB21-461A-9C04-577967C5C23C} = {5B921BF1-5087-476E-B7B5-0DA6F056DB8C}
		{59582792-AAA3-47FB-A1F3-95FE8F11A11D} = {5B921BF1-5087-476E-B7B5-0DA6F056DB8C}
		{84F500E1-6848-46A9-B057-3CA38AC740D3} = {5B921BF1-5087-476E-B7B5-0DA6F056DB8C}
		{9915B1AE-97DC-4292-AD32-B2DD85BC7BA0} = {5B921BF1-5087-476E-B7B5-0DA6F056DB8C}
		{0D4891F1-B70B-4039-9643-88257A1BE922} = {533F245A-5931-48EB-B860-EA0780FE70D6}
		{1BB6BA07-2CEB-49E2-809E-576DA0A134DB} = {0D4891F1-B70B-4039-9643-88257A1BE922}
		{DDE58B37-F9C6-4190-9325-817E91372190} = {533F245A-5931-48EB-B860-EA0780FE70D6}
		{64FB4D2F-D290-4E5B-9168-9DCC87E83101} = {DDE58B37-F9C6-4190-9325-817E91372190}
		{A231EEA7-B2B6-44D2-A53B-6B6A14A33E32} = {0D4891F1-B70B-4039-9643-88257A1BE922}
		{BA86CB22-AEA3-454E-8CD8-E6EE67854608} = {533F245A-5931-48EB-B860-EA0780FE70D6}
		{CFADA386-F9A9-47CF-864E-EAE03AB95975} = {BA86CB22-AEA3-454E-8CD8-E6EE67854608}
		{D57438F2-1B22-48DD-89FA-F8637995DC77} = {5B921BF1-5087-476E-B7B5-0DA6F056DB8C}
		{298ED2C6-860C-427C-9734-98C37FDDE5C7} = {533F245A-5931-48EB-B860-EA0780FE70D6}
		{0A37666F-3BDF-4B38-BF76-CB8868E5D5EE} = {298ED2C6-860C-427C-9734-98C37FDDE5C7}
		{CA9A588C-EC9B-430C-BAD6-AB8E8514CB44} = {298ED2C6-860C-427C-9734-98C37FDDE5C7}
		{0B2E2062-20A5-43E8-A664-8D0E35756FA4} = {298ED2C6-860C-427C-9734-98C37FDDE5C7}
		{4AD15DA4-73BE-458D-B68D-37E9DF1D10C2} = {298ED2C6-860C-427C-9734-98C37FDDE5C7}
	EndGlobalSection
EndGlobal
